{
  "name": "xstate-cat",
  "version": "1.0.0",
  "lockfileVersion": 2,
  "requires": true,
  "packages": {
    "": {
      "name": "xstate-cat",
      "version": "1.0.0",
      "license": "ISC",
      "dependencies": {
        "xstate": "^4.30.3"
      }
    },
    "node_modules/xstate": {
      "version": "4.30.3",
      "resolved": "https://registry.npmjs.org/xstate/-/xstate-4.30.3.tgz",
      "integrity": "sha512-ccFjxRKvLq5Fap9+Cc2barHjdEqcDMLZOnHKhslGPgOknM/GKku744Hixm7PzBfQolKQqi/oLQcYm6C5GCULyg==",
      "funding": {
        "type": "opencollective",
        "url": "https://opencollective.com/xstate"
      }
    }
  },
  "dependencies": {
    "xstate": {
      "version": "4.30.3",
      "resolved": "https://registry.npmjs.org/xstate/-/xstate-4.30.3.tgz",
      "integrity": "sha512-ccFjxRKvLq5Fap9+Cc2barHjdEqcDMLZOnHKhslGPgOknM/GKku744Hixm7PzBfQolKQqi/oLQcYm6C5GCULyg=="
    }
  }
}
